
Microsoft Visual Studio Solution File, Format Version 12.00
# Visual Studio Version 17
VisualStudioVersion = 17.1.32328.378
MinimumVisualStudioVersion = 10.0.40219.1
Project("{FAE04EC0-301F-11D3-BF4B-00C04F79EFBC}") = "Test API", "Test\Test API.csproj", "{3CCE42F9-2D5C-46E1-8B5B-1BCBC921929D}"
EndProject
Project("{FAE04EC0-301F-11D3-BF4B-00C04F79EFBC}") = "Domain Test", "Domain Test\Domain Test.csproj", "{18B4C63E-653D-4A55-8EB7-2D44831A05B4}"
EndProject
Global
	GlobalSection(SolutionConfigurationPlatforms) = preSolution
		Debug|Any CPU = Debug|Any CPU
		Release|Any CPU = Release|Any CPU
	EndGlobalSection
	GlobalSection(ProjectConfigurationPlatforms) = postSolution
		{3CCE42F9-2D5C-46E1-8B5B-1BCBC921929D}.Debug|Any CPU.ActiveCfg = Debug|Any CPU
		{3CCE42F9-2D5C-46E1-8B5B-1BCBC921929D}.Debug|Any CPU.Build.0 = Debug|Any CPU
		{3CCE42F9-2D5C-46E1-8B5B-1BCBC921929D}.Release|Any CPU.ActiveCfg = Release|Any CPU
		{3CCE42F9-2D5C-46E1-8B5B-1BCBC921929D}.Release|Any CPU.Build.0 = Release|Any CPU
		{18B4C63E-653D-4A55-8EB7-2D44831A05B4}.Debug|Any CPU.ActiveCfg = Debug|Any CPU
		{18B4C63E-653D-4A55-8EB7-2D44831A05B4}.Debug|Any CPU.Build.0 = Debug|Any CPU
		{18B4C63E-653D-4A55-8EB7-2D44831A05B4}.Release|Any CPU.ActiveCfg = Release|Any CPU
		{18B4C63E-653D-4A55-8EB7-2D44831A05B4}.Release|Any CPU.Build.0 = Release|Any CPU
	EndGlobalSection
	GlobalSection(SolutionProperties) = preSolution
		HideSolutionNode = FALSE
	EndGlobalSection
	GlobalSection(ExtensibilityGlobals) = postSolution
		SolutionGuid = {B58E0955-E197-4DCC-9FFF-D3FFB4B02A8D}
	EndGlobalSection
EndGlobal
